{
  "originHash" : "1fa961aa1dc717cea452f3389668f0f99a254f07e4eb11d190768a53798f744f",
  "pins" : [
    {
      "identity" : "swiftlintplugins",
      "kind" : "remoteSourceControl",
      "location" : "https://github.com/SimplyDanny/SwiftLintPlugins",
      "state" : {
        "revision" : "a60b5704f335fc18aa3aea3564c74774a338425f",
        "version" : "0.59.0"
      }
    }
  ],
  "version" : 3
}
