{
  "originHash" : "63469271e4c65004ebb8c0c315fbfe13f83745f1578c87c85ecf681389b5bef3",
  "pins" : [
    {
      "identity" : "swiftformat",
      "kind" : "remoteSourceControl",
      "location" : "https://github.com/nicklockwood/SwiftFormat",
      "state" : {
        "revision" : "468a7d32dedc8d352c191594b3b45d9fd8ba291b",
        "version" : "0.55.5"
      }
    },
    {
      "identity" : "swiftlintplugins",
      "kind" : "remoteSourceControl",
      "location" : "https://github.com/SimplyDanny/SwiftLintPlugins",
      "state" : {
        "revision" : "a60b5704f335fc18aa3aea3564c74774a338425f",
        "version" : "0.59.0"
      }
    }
  ],
  "version" : 3
}
